
Microsoft Visual Studio Solution File, Format Version 12.00
# Visual Studio Version 17
VisualStudioVersion = 17.0.31903.59
MinimumVisualStudioVersion = 10.0.40219.1
Project("{2150E333-8FDC-42A3-9474-1A3956D46DE8}") = "src", "src", "{988CB50D-3D7A-47DA-BAD8-75235144CFA3}"
EndProject
Project("{FAE04EC0-301F-11D3-BF4B-00C04F79EFBC}") = "ChurchManagement.Domain", "src\ChurchManagement.Domain\ChurchManagement.Domain.csproj", "{52A8E907-5256-412E-890C-7902521F2E35}"
EndProject
Project("{FAE04EC0-301F-11D3-BF4B-00C04F79EFBC}") = "ChurchManagement.Application", "src\ChurchManagement.Application\ChurchManagement.Application.csproj", "{7E63B6CF-B3E9-45DF-91A1-8A8016856EC6}"
EndProject
Project("{FAE04EC0-301F-11D3-BF4B-00C04F79EFBC}") = "ChurchManagement.Infrastructure", "src\ChurchManagement.Infrastructure\ChurchManagement.Infrastructure.csproj", "{47933767-D3A8-442D-A718-E7CD9046F335}"
EndProject
Project("{FAE04EC0-301F-11D3-BF4B-00C04F79EFBC}") = "ChurchManagement.Web", "src\ChurchManagement.Web\ChurchManagement.Web.csproj", "{28213D0E-DDBF-4A09-9BB1-84AF16B52914}"
EndProject
Project("{2150E333-8FDC-42A3-9474-1A3956D46DE8}") = "tests", "tests", "{643E0547-6923-4B75-B5EF-7245694D389A}"
EndProject
Project("{FAE04EC0-301F-11D3-BF4B-00C04F79EFBC}") = "ChurchManagement.Domain.Tests", "tests\ChurchManagement.Domain.Tests\ChurchManagement.Domain.Tests.csproj", "{57ABC558-88EC-4E1D-9F6D-20A30EAEEF78}"
EndProject
Project("{FAE04EC0-301F-11D3-BF4B-00C04F79EFBC}") = "ChurchManagement.Application.Tests", "tests\ChurchManagement.Application.Tests\ChurchManagement.Application.Tests.csproj", "{563CA1E3-0E24-41A4-81B3-98CA11CD6933}"
EndProject
Project("{FAE04EC0-301F-11D3-BF4B-00C04F79EFBC}") = "ChurchManagement.Infrastructure.Tests", "tests\ChurchManagement.Infrastructure.Tests\ChurchManagement.Infrastructure.Tests.csproj", "{5A3C0F90-40C2-4F3D-AF9A-9B2D6204914D}"
EndProject
Project("{FAE04EC0-301F-11D3-BF4B-00C04F79EFBC}") = "ChurchManagement.Web.Tests", "tests\ChurchManagement.Web.Tests\ChurchManagement.Web.Tests.csproj", "{316F3586-A9D8-485D-8A7F-9FB622B91934}"
EndProject
Global
	GlobalSection(SolutionConfigurationPlatforms) = preSolution
		Debug|Any CPU = Debug|Any CPU
		Release|Any CPU = Release|Any CPU
	EndGlobalSection
	GlobalSection(SolutionProperties) = preSolution
		HideSolutionNode = FALSE
	EndGlobalSection
	GlobalSection(ProjectConfigurationPlatforms) = postSolution
		{52A8E907-5256-412E-890C-7902521F2E35}.Debug|Any CPU.ActiveCfg = Debug|Any CPU
		{52A8E907-5256-412E-890C-7902521F2E35}.Debug|Any CPU.Build.0 = Debug|Any CPU
		{52A8E907-5256-412E-890C-7902521F2E35}.Release|Any CPU.ActiveCfg = Release|Any CPU
		{52A8E907-5256-412E-890C-7902521F2E35}.Release|Any CPU.Build.0 = Release|Any CPU
		{7E63B6CF-B3E9-45DF-91A1-8A8016856EC6}.Debug|Any CPU.ActiveCfg = Debug|Any CPU
		{7E63B6CF-B3E9-45DF-91A1-8A8016856EC6}.Debug|Any CPU.Build.0 = Debug|Any CPU
		{7E63B6CF-B3E9-45DF-91A1-8A8016856EC6}.Release|Any CPU.ActiveCfg = Release|Any CPU
		{7E63B6CF-B3E9-45DF-91A1-8A8016856EC6}.Release|Any CPU.Build.0 = Release|Any CPU
		{47933767-D3A8-442D-A718-E7CD9046F335}.Debug|Any CPU.ActiveCfg = Debug|Any CPU
		{47933767-D3A8-442D-A718-E7CD9046F335}.Debug|Any CPU.Build.0 = Debug|Any CPU
		{47933767-D3A8-442D-A718-E7CD9046F335}.Release|Any CPU.ActiveCfg = Release|Any CPU
		{47933767-D3A8-442D-A718-E7CD9046F335}.Release|Any CPU.Build.0 = Release|Any CPU
		{28213D0E-DDBF-4A09-9BB1-84AF16B52914}.Debug|Any CPU.ActiveCfg = Debug|Any CPU
		{28213D0E-DDBF-4A09-9BB1-84AF16B52914}.Debug|Any CPU.Build.0 = Debug|Any CPU
		{28213D0E-DDBF-4A09-9BB1-84AF16B52914}.Release|Any CPU.ActiveCfg = Release|Any CPU
		{28213D0E-DDBF-4A09-9BB1-84AF16B52914}.Release|Any CPU.Build.0 = Release|Any CPU
		{57ABC558-88EC-4E1D-9F6D-20A30EAEEF78}.Debug|Any CPU.ActiveCfg = Debug|Any CPU
		{57ABC558-88EC-4E1D-9F6D-20A30EAEEF78}.Debug|Any CPU.Build.0 = Debug|Any CPU
		{57ABC558-88EC-4E1D-9F6D-20A30EAEEF78}.Release|Any CPU.ActiveCfg = Release|Any CPU
		{57ABC558-88EC-4E1D-9F6D-20A30EAEEF78}.Release|Any CPU.Build.0 = Release|Any CPU
		{563CA1E3-0E24-41A4-81B3-98CA11CD6933}.Debug|Any CPU.ActiveCfg = Debug|Any CPU
		{563CA1E3-0E24-41A4-81B3-98CA11CD6933}.Debug|Any CPU.Build.0 = Debug|Any CPU
		{563CA1E3-0E24-41A4-81B3-98CA11CD6933}.Release|Any CPU.ActiveCfg = Release|Any CPU
		{563CA1E3-0E24-41A4-81B3-98CA11CD6933}.Release|Any CPU.Build.0 = Release|Any CPU
		{5A3C0F90-40C2-4F3D-AF9A-9B2D6204914D}.Debug|Any CPU.ActiveCfg = Debug|Any CPU
		{5A3C0F90-40C2-4F3D-AF9A-9B2D6204914D}.Debug|Any CPU.Build.0 = Debug|Any CPU
		{5A3C0F90-40C2-4F3D-AF9A-9B2D6204914D}.Release|Any CPU.ActiveCfg = Release|Any CPU
		{5A3C0F90-40C2-4F3D-AF9A-9B2D6204914D}.Release|Any CPU.Build.0 = Release|Any CPU
		{316F3586-A9D8-485D-8A7F-9FB622B91934}.Debug|Any CPU.ActiveCfg = Debug|Any CPU
		{316F3586-A9D8-485D-8A7F-9FB622B91934}.Debug|Any CPU.Build.0 = Debug|Any CPU
		{316F3586-A9D8-485D-8A7F-9FB622B91934}.Release|Any CPU.ActiveCfg = Release|Any CPU
		{316F3586-A9D8-485D-8A7F-9FB622B91934}.Release|Any CPU.Build.0 = Release|Any CPU
	EndGlobalSection
	GlobalSection(NestedProjects) = preSolution
		{52A8E907-5256-412E-890C-7902521F2E35} = {988CB50D-3D7A-47DA-BAD8-75235144CFA3}
		{7E63B6CF-B3E9-45DF-91A1-8A8016856EC6} = {988CB50D-3D7A-47DA-BAD8-75235144CFA3}
		{47933767-D3A8-442D-A718-E7CD9046F335} = {988CB50D-3D7A-47DA-BAD8-75235144CFA3}
		{28213D0E-DDBF-4A09-9BB1-84AF16B52914} = {988CB50D-3D7A-47DA-BAD8-75235144CFA3}
		{57ABC558-88EC-4E1D-9F6D-20A30EAEEF78} = {643E0547-6923-4B75-B5EF-7245694D389A}
		{563CA1E3-0E24-41A4-81B3-98CA11CD6933} = {643E0547-6923-4B75-B5EF-7245694D389A}
		{5A3C0F90-40C2-4F3D-AF9A-9B2D6204914D} = {643E0547-6923-4B75-B5EF-7245694D389A}
		{316F3586-A9D8-485D-8A7F-9FB622B91934} = {643E0547-6923-4B75-B5EF-7245694D389A}
	EndGlobalSection
EndGlobal
